PackratFormat: 1.4
PackratVersion: 0.7.0
RVersion: 4.1.0
Repos: CRAN=https://cran.rstudio.com/

Package: DT
Source: CRAN
Version: 0.19
Hash: a747602b0ad8c50a7e4739c8b3948e61
Requires: crosstalk, htmltools, jquerylib, jsonlite, magrittr,
    htmlwidgets, promises

Package: R6
Source: CRAN
Version: 2.5.1
Hash: 54378e523d0281f8d38c379484a3b7b5

Package: RColorBrewer
Source: CRAN
Version: 1.1-2
Hash: c0d56cd15034f395874c870141870c25

Package: Rcpp
Source: CRAN
Version: 1.0.7
Hash: 3067a413f1457c3c1d88bf39026b179f

Package: askpass
Source: CRAN
Version: 1.1
Hash: 6f6c430e3cd0dd7d48f447700f4d7e7f
Requires: sys

Package: base64enc
Source: CRAN
Version: 0.1-3
Hash: c590d29e555926af053055e23ee79efb

Package: bookdown
Source: CRAN
Version: 0.24
Hash: d48db488ddea476291f3d9ac8757d50b
Requires: htmltools, jquerylib, knitr, rmarkdown, tinytex, xfun, yaml

Package: bslib
Source: CRAN
Version: 0.3.1
Hash: 86fdae1dfb23e3154ae70b0999a2a01d
Requires: htmltools, jquerylib, jsonlite, rlang, sass

Package: cachem
Source: CRAN
Version: 1.0.6
Hash: e1d5d860b02caa2f56f038b3b8259160
Requires: fastmap, rlang

Package: cellranger
Source: CRAN
Version: 1.1.0
Hash: be9d203e7849f73818b36f93e9273c2c
Requires: rematch, tibble

Package: cli
Source: CRAN
Version: 3.0.1
Hash: 60cf83a88772ada4a5e2493fb1c4070d
Requires: glue

Package: colorspace
Source: CRAN
Version: 2.0-2
Hash: 0e38d18a06e22b1a78ee616bcfa467e1

Package: commonmark
Source: CRAN
Version: 1.7
Hash: 77f4ba718e2bad1877ef26e48cf8fa43

Package: cpp11
Source: CRAN
Version: 0.4.0
Hash: 98c5fdbb506454d3a21131be0727977b

Package: crayon
Source: CRAN
Version: 1.4.1
Hash: 2e1b6e4b4bc63ebe2aaee1546b871329

Package: crosstalk
Source: CRAN
Version: 1.1.1
Hash: 40844571ab8c7b3009cde6e49a1ace16
Requires: R6, htmltools, jsonlite, lazyeval

Package: curl
Source: CRAN
Version: 4.3.2
Hash: d86657acb12374a8e24ed4568ed63359

Package: data.table
Source: CRAN
Version: 1.14.2
Hash: 6e09e74cc9e29021c9e95fe7ed38dc68

Package: digest
Source: CRAN
Version: 0.6.28
Hash: d2e15f0b261d4710348e37d3eb58841a

Package: dplyr
Source: CRAN
Version: 1.0.7
Hash: 02b805e59eb879df806cda4bdecd1d82
Requires: R6, ellipsis, glue, lifecycle, magrittr, pillar, rlang,
    tibble, vctrs, generics, tidyselect

Package: ellipsis
Source: CRAN
Version: 0.3.2
Hash: b21bfc48556c0c6a93fc9ede6c00cfaf
Requires: rlang

Package: evaluate
Source: CRAN
Version: 0.14
Hash: 18306cc3bc1aec7b7360eea8a0eb0ee1

Package: fansi
Source: CRAN
Version: 0.5.0
Hash: e9c5e9cf18ad59b0c247458927b46d10

Package: farver
Source: CRAN
Version: 2.1.0
Hash: a001f1816f74d0e76e82171eef764a9d

Package: fastmap
Source: CRAN
Version: 1.1.0
Hash: e4d212b14d40b91c791c0b9d3b6ffd99

Package: fontawesome
Source: CRAN
Version: 0.2.2
Hash: 81ad575d20858542199b870221ba006b
Requires: htmltools, rlang

Package: fs
Source: CRAN
Version: 1.5.0
Hash: 918ea5c88cad73d5d5b529ca98f8ad11

Package: generics
Source: CRAN
Version: 0.1.0
Hash: c265031f21f6435ffaa9633eb64c3095

Package: gghighlight
Source: CRAN
Version: 0.3.2
Hash: 540dd720554620e82a59d4b4798d8772
Requires: dplyr, lifecycle, purrr, rlang, tibble, ggplot2, ggrepel

Package: ggplot2
Source: CRAN
Version: 3.3.5
Hash: b54994f1f414ea1e2ecf978d298e9739
Requires: digest, glue, rlang, tibble, gtable, isoband, scales, withr

Package: ggrepel
Source: CRAN
Version: 0.9.1
Hash: 2fb92034740e6ea86867deaced574b0a
Requires: Rcpp, ggplot2, rlang, scales

Package: glue
Source: CRAN
Version: 1.4.2
Hash: afa798ba9deec3676e20300b79094749

Package: gtable
Source: CRAN
Version: 0.3.0
Hash: a9e7b0666eb933a0cb36779240b4462e

Package: here
Source: CRAN
Version: 1.0.1
Hash: 606352b60a7cb2da5bcd4ed1c8753a81
Requires: rprojroot

Package: highr
Source: CRAN
Version: 0.9
Hash: 375daf47b5970a62560496bb8c6b996e
Requires: xfun

Package: hms
Source: CRAN
Version: 1.1.1
Hash: 788cba0290407b815f3c15e6967079cd
Requires: ellipsis, lifecycle, pkgconfig, rlang, vctrs

Package: htmltools
Source: CRAN
Version: 0.5.2
Hash: b28ba309140d26d4c282c4b5f91240aa
Requires: base64enc, digest, fastmap, rlang

Package: htmlwidgets
Source: CRAN
Version: 1.5.4
Hash: 63ef3b783eb7653d212a0f3f22a5f98d
Requires: htmltools, jsonlite, yaml

Package: httpuv
Source: CRAN
Version: 1.6.3
Hash: 385608a6954fa92d5d35eb315e096559
Requires: R6, Rcpp, later, promises

Package: httr
Source: CRAN
Version: 1.4.2
Hash: 2ad813eba37ce1f357434789aa8b6132
Requires: R6, curl, jsonlite, mime, openssl

Package: isoband
Source: CRAN
Version: 0.2.5
Hash: 15170dedd197ee88139ce1845ecce097

Package: jquerylib
Source: CRAN
Version: 0.1.4
Hash: 338eb4374296b76bdee1e463c810113d
Requires: htmltools

Package: jsonlite
Source: CRAN
Version: 1.7.2
Hash: a5965fb563ba3643e75c425a82f935e6

Package: knitr
Source: CRAN
Version: 1.36
Hash: 2e00679da833380a9f7105f83dc2f257
Requires: evaluate, highr, stringr, xfun, yaml

Package: labeling
Source: CRAN
Version: 0.4.2
Hash: 7474c78957f4e01d1dd4c04217eab244

Package: later
Source: CRAN
Version: 1.3.0
Hash: 70a10fa06a985a81d92b4e72c57af5ff
Requires: Rcpp, rlang

Package: lattice
Source: CRAN
Version: 0.20-45
Hash: 1b774d23a2b1b4a2f756ba52529f8c14

Package: lazyeval
Source: CRAN
Version: 0.2.2
Hash: 563563691bea3cde6945a98996d7c166

Package: lifecycle
Source: CRAN
Version: 1.0.1
Hash: 30efedcf3d4478fe2e755b3b256f809a
Requires: glue, rlang

Package: lpSolveAPI
Source: CRAN
Version: 5.5.2.0-17.7
Hash: 0dd984f7eb1c31f4048f5aaf26f2d087

Package: magrittr
Source: CRAN
Version: 2.0.1
Hash: d3c166b0573ae8c918edf7221dfe7380

Package: mime
Source: CRAN
Version: 0.12
Hash: 98a37137be334916af8af26354bb37e9

Package: munsell
Source: CRAN
Version: 0.5.0
Hash: 38d0efee9bb99bef143bde41c4ce715c
Requires: colorspace

Package: nloptr
Source: CRAN
Version: 1.2.2.2
Hash: 7dc35284ad3b1c84440237c0010c2682

Package: openssl
Source: CRAN
Version: 1.4.5
Hash: 89cf481e73dc5916d355172e092ca659
Requires: askpass

Package: packrat
Source: CRAN
Version: 0.7.0
Hash: 3d49688287bd2246cd8a58e233be39d5

Package: pillar
Source: CRAN
Version: 1.6.3
Hash: 4e327bed4cc462c9aef1c07d951aa1bd
Requires: ellipsis, fansi, lifecycle, rlang, cli, crayon, utf8, vctrs

Package: pkgconfig
Source: CRAN
Version: 2.0.3
Hash: 5ff5f2361851a49534c96caa2a8071c7

Package: plotly
Source: CRAN
Version: 4.9.4.1
Hash: f7df16eca1b31c9a48bd1d4ab2cadd4b
Requires: RColorBrewer, base64enc, crosstalk, data.table, digest,
    dplyr, ggplot2, htmltools, htmlwidgets, httr, jsonlite, lazyeval,
    magrittr, promises, purrr, rlang, scales, tibble, vctrs,
    viridisLite, tidyr

Package: png
Source: CRAN
Version: 0.1-7
Hash: 421d7d6e0fb4bd885ecbd909b6456b8b

Package: prettyunits
Source: CRAN
Version: 1.1.1
Hash: 20669cd8bb8b3207f6371edf8cf510af

Package: progress
Source: CRAN
Version: 1.2.2
Hash: 209280eb751acf5899f7c69366e14bd3
Requires: R6, crayon, hms, prettyunits

Package: promises
Source: CRAN
Version: 1.2.0.1
Hash: ca7f06c513ae21695c2005d3cfdf740d
Requires: R6, magrittr, rlang, Rcpp, later

Package: purrr
Source: CRAN
Version: 0.3.4
Hash: fb4c0edca61826ca0b5b33c828a7b276
Requires: magrittr, rlang

Package: rJava
Source: CRAN
Version: 1.0-5
Hash: 050bcbc14b55e09acd54d1b0193ebd1f

Package: rappdirs
Source: CRAN
Version: 0.3.3
Hash: fd602edfd7dbf365642e35dd9cc97958

Package: readxl
Source: CRAN
Version: 1.3.1
Hash: 25b47dc319062c24a878e6a170a7b702
Requires: Rcpp, cellranger, progress, tibble

Package: rematch
Source: CRAN
Version: 1.0.1
Hash: ad4faf59e7611117ff165817074c50c7

Package: repr
Source: CRAN
Version: 1.1.3
Hash: d17dc33ab23cc51a73f151c750d4411d
Requires: base64enc, htmltools, jsonlite, pillar

Package: reticulate
Source: CRAN
Version: 1.22
Hash: 6f86109eccf2915c70c83d1ff19cfccb
Requires: Rcpp, here, jsonlite, png, rappdirs, withr

Package: rlang
Source: CRAN
Version: 0.4.11
Hash: 765f56f2e0697cfd1ad4c9d34e4efedc

Package: rmarkdown
Source: CRAN
Version: 2.11
Hash: 8cd13fcb183830c500fd10b3f24ea2b1
Requires: evaluate, htmltools, jquerylib, knitr, stringr, xfun, yaml,
    jsonlite, tinytex

Package: rprojroot
Source: CRAN
Version: 2.0.2
Hash: bdb6a7f2b3c25b8c710615cefdde1af0

Package: sass
Source: CRAN
Version: 0.4.0
Hash: 898260598d59907eda6f28dfec65473c
Requires: htmltools, rlang, R6, fs, rappdirs

Package: scales
Source: CRAN
Version: 1.1.1
Hash: b67ae9f62ecb8912751eb664055d8f8a
Requires: R6, farver, lifecycle, RColorBrewer, labeling, munsell,
    viridisLite

Package: shiny
Source: CRAN
Version: 1.7.1
Hash: 7270787dc86efbcfba473df7639fe5cb
Requires: R6, bslib, cachem, commonmark, crayon, ellipsis, fastmap,
    fontawesome, glue, htmltools, httpuv, jsonlite, later, lifecycle,
    mime, promises, rlang, withr, sourcetools, xtable

Package: shinyWidgets
Source: CRAN
Version: 0.6.2
Hash: 0488710beebf2d75e554dd83d1a79b2f
Requires: bslib, htmltools, jsonlite, sass, shiny

Package: shinycssloaders
Source: CRAN
Version: 1.0.0
Hash: 070a4e77bed58f74dfea27cb93089a94
Requires: digest, glue, shiny

Package: shinydashboard
Source: CRAN
Version: 0.7.2
Hash: 44c9cfd9cefc93032e9e37486b5f3d0c
Requires: htmltools, promises, shiny

Package: shinyjs
Source: CRAN
Version: 2.0.0
Hash: 76cd028f38d0c5a1f198c4daab81ddfe
Requires: digest, htmltools, jsonlite, shiny

Package: shinythemes
Source: CRAN
Version: 1.2.0
Hash: f4879d481bdca7a468f5cebf398838d5
Requires: shiny

Package: sourcetools
Source: CRAN
Version: 0.1.7
Hash: d093478ac90064e670cd4bf1a99b47b6

Package: stringi
Source: CRAN
Version: 1.7.5
Hash: d49f2da012242d09be61287cc032b9c9

Package: stringr
Source: CRAN
Version: 1.4.0
Hash: 67da32dbb2a7a16f2ef124336358e54a
Requires: glue, magrittr, stringi

Package: sys
Source: CRAN
Version: 3.4
Hash: 7fb0c9e1209a804b329a7df3cd422008

Package: tibble
Source: CRAN
Version: 3.1.5
Hash: 23e11db34011faa0ebab892afc52f9c7
Requires: magrittr, rlang, ellipsis, fansi, lifecycle, pillar,
    pkgconfig, vctrs

Package: tidyr
Source: CRAN
Version: 1.1.4
Hash: 9e2494e602f525e731671c18af68531d
Requires: cpp11, dplyr, ellipsis, glue, lifecycle, magrittr, purrr,
    rlang, tibble, tidyselect, vctrs

Package: tidyselect
Source: CRAN
Version: 1.1.1
Hash: 6415fa4c6b3b5417aa4d3381845d654c
Requires: ellipsis, glue, rlang, vctrs, purrr

Package: tinytex
Source: CRAN
Version: 0.34
Hash: 5c3dcc922539b3bd3b3dd668afc32bf2
Requires: xfun

Package: utf8
Source: CRAN
Version: 1.2.2
Hash: ae77ea6ebb503eaa6ee3b7ca80ea4f1b

Package: vctrs
Source: CRAN
Version: 0.3.8
Hash: e2e7a28fd30d8df018965c923afd1195
Requires: ellipsis, glue, rlang

Package: viridisLite
Source: CRAN
Version: 0.4.0
Hash: aeccc8c24d26192f4043be0c69151b96

Package: waiter
Source: CRAN
Version: 0.2.4
Hash: e6bd75e1f9cfcb0654eb5615218c9faf
Requires: R6, htmltools, shiny

Package: withr
Source: CRAN
Version: 2.4.2
Hash: 56366c768cead0b9b2b773cf9f16a432

Package: writexl
Source: CRAN
Version: 1.4.0
Hash: 496235c957064adc0a587fea8941febc

Package: xfun
Source: CRAN
Version: 0.26
Hash: de4ab2b5e19ccea04b75167d29f143f8

Package: xlsx
Source: CRAN
Version: 0.6.5
Hash: ec7e645f43630c38cb872870f859de25
Requires: rJava, xlsxjars

Package: xlsxjars
Source: CRAN
Version: 0.6.1
Hash: 3902149dad80bcb14fcd88d8c7fd7f3b
Requires: rJava

Package: xtable
Source: CRAN
Version: 1.8-4
Hash: dc0d47261b678d26032363bebd050540

Package: yaml
Source: CRAN
Version: 2.2.1
Hash: 424bc11cc358f23187feaa7978628196
